// !$*UTF8*$!
{
	archiveVersion = 1;
	classes = {
	};
	objectVersion = 55;
	objects = {

/* Begin PBXBuildFile section */
		47EFEFDA2849A5A3001CE87C /* UI_576App.swift in Sources */ = {isa = PBXBuildFile; fileRef = 47EFEFD92849A5A3001CE87C /* UI_576App.swift */; };
		47EFEFDC2849A5A3001CE87C /* ContentView.swift in Sources */ = {isa = PBXBuildFile; fileRef = 47EFEFDB2849A5A3001CE87C /* ContentView.swift */; };
		47EFEFDE2849A5A4001CE87C /* Assets.xcassets in Resources */ = {isa = PBXBuildFile; fileRef = 47EFEFDD2849A5A4001CE87C /* Assets.xcassets */; };
		47EFEFE12849A5A4001CE87C /* Preview Assets.xcassets in Resources */ = {isa = PBXBuildFile; fileRef = 47EFEFE02849A5A4001CE87C /* Preview Assets.xcassets */; };
		47EFEFEB2849A5A4001CE87C /* UI_576Tests.swift in Sources */ = {isa = PBXBuildFile; fileRef = 47EFEFEA2849A5A4001CE87C /* UI_576Tests.swift */; };
		47EFEFF52849A5A4001CE87C /* UI_576UITests.swift in Sources */ = {isa = PBXBuildFile; fileRef = 47EFEFF42849A5A4001CE87C /* UI_576UITests.swift */; };
		47EFEFF72849A5A4001CE87C /* UI_576UITestsLaunchTests.swift in Sources */ = {isa = PBXBuildFile; fileRef = 47EFEFF62849A5A4001CE87C /* UI_576UITestsLaunchTests.swift */; };
		47EFF0062849A5C2001CE87C /* People.swift in Sources */ = {isa = PBXBuildFile; fileRef = 47EFF0052849A5C2001CE87C /* People.swift */; };
		47EFF0082849A5DB001CE87C /* Home.swift in Sources */ = {isa = PBXBuildFile; fileRef = 47EFF0072849A5DB001CE87C /* Home.swift */; };
/* End PBXBuildFile section */

/* Begin PBXContainerItemProxy section */
		47EFEFE72849A5A4001CE87C /* PBXContainerItemProxy */ = {
			isa = PBXContainerItemProxy;
			containerPortal = 47EFEFCE2849A5A3001CE87C /* Project object */;
			proxyType = 1;
			remoteGlobalIDString = 47EFEFD52849A5A3001CE87C;
			remoteInfo = "UI-576";
		};
		47EFEFF12849A5A4001CE87C /* PBXContainerItemProxy */ = {
			isa = PBXContainerItemProxy;
			containerPortal = 47EFEFCE2849A5A3001CE87C /* Project object */;
			proxyType = 1;
			remoteGlobalIDString = 47EFEFD52849A5A3001CE87C;
			remoteInfo = "UI-576";
		};
/* End PBXContainerItemProxy section */

/* Begin PBXFileReference section */
		47EFEFD62849A5A3001CE87C /* UI-576.app */ = {isa = PBXFileReference; explicitFileType = wrapper.application; includeInIndex = 0; path = "UI-576.app"; sourceTree = BUILT_PRODUCTS_DIR; };
		47EFEFD92849A5A3001CE87C /* UI_576App.swift */ = {isa = PBXFileReference; lastKnownFileType = sourcecode.swift; path = UI_576App.swift; sourceTree = "<group>"; };
		47EFEFDB2849A5A3001CE87C /* ContentView.swift */ = {isa = PBXFileReference; lastKnownFileType = sourcecode.swift; path = ContentView.swift; sourceTree = "<group>"; };
		47EFEFDD2849A5A4001CE87C /* Assets.xcassets */ = {isa = PBXFileReference; lastKnownFileType = folder.assetcatalog; path = Assets.xcassets; sourceTree = "<group>"; };
		47EFEFE02849A5A4001CE87C /* Preview Assets.xcassets */ = {isa = PBXFileReference; lastKnownFileType = folder.assetcatalog; path = "Preview Assets.xcassets"; sourceTree = "<group>"; };
		47EFEFE62849A5A4001CE87C /* UI-576Tests.xctest */ = {isa = PBXFileReference; explicitFileType = wrapper.cfbundle; includeInIndex = 0; path = "UI-576Tests.xctest"; sourceTree = BUILT_PRODUCTS_DIR; };
		47EFEFEA2849A5A4001CE87C /* UI_576Tests.swift */ = {isa = PBXFileReference; lastKnownFileType = sourcecode.swift; path = UI_576Tests.swift; sourceTree = "<group>"; };
		47EFEFF02849A5A4001CE87C /* UI-576UITests.xctest */ = {isa = PBXFileReference; explicitFileType = wrapper.cfbundle; includeInIndex = 0; path = "UI-576UITests.xctest"; sourceTree = BUILT_PRODUCTS_DIR; };
		47EFEFF42849A5A4001CE87C /* UI_576UITests.swift */ = {isa = PBXFileReference; lastKnownFileType = sourcecode.swift; path = UI_576UITests.swift; sourceTree = "<group>"; };
		47EFEFF62849A5A4001CE87C /* UI_576UITestsLaunchTests.swift */ = {isa = PBXFileReference; lastKnownFileType = sourcecode.swift; path = UI_576UITestsLaunchTests.swift; sourceTree = "<group>"; };
		47EFF0052849A5C2001CE87C /* People.swift */ = {isa = PBXFileReference; lastKnownFileType = sourcecode.swift; path = People.swift; sourceTree = "<group>"; };
		47EFF0072849A5DB001CE87C /* Home.swift */ = {isa = PBXFileReference; lastKnownFileType = sourcecode.swift; path = Home.swift; sourceTree = "<group>"; };
/* End PBXFileReference section */

/* Begin PBXFrameworksBuildPhase section */
		47EFEFD32849A5A3001CE87C /* Frameworks */ = {
			isa = PBXFrameworksBuildPhase;
			buildActionMask = 2147483647;
			files = (
			);
			runOnlyForDeploymentPostprocessing = 0;
		};
		47EFEFE32849A5A4001CE87C /* Frameworks */ = {
			isa = PBXFrameworksBuildPhase;
			buildActionMask = 2147483647;
			files = (
			);
			runOnlyForDeploymentPostprocessing = 0;
		};
		47EFEFED2849A5A4001CE87C /* Frameworks */ = {
			isa = PBXFrameworksBuildPhase;
			buildActionMask = 2147483647;
			files = (
			);
			runOnlyForDeploymentPostprocessing = 0;
		};
/* End PBXFrameworksBuildPhase section */

/* Begin PBXGroup section */
		47EFEFCD2849A5A3001CE87C = {
			isa = PBXGroup;
			children = (
				47EFEFD82849A5A3001CE87C /* UI-576 */,
				47EFEFE92849A5A4001CE87C /* UI-576Tests */,
				47EFEFF32849A5A4001CE87C /* UI-576UITests */,
				47EFEFD72849A5A3001CE87C /* Products */,
			);
			sourceTree = "<group>";
		};
		47EFEFD72849A5A3001CE87C /* Products */ = {
			isa = PBXGroup;
			children = (
				47EFEFD62849A5A3001CE87C /* UI-576.app */,
				47EFEFE62849A5A4001CE87C /* UI-576Tests.xctest */,
				47EFEFF02849A5A4001CE87C /* UI-576UITests.xctest */,
			);
			name = Products;
			sourceTree = "<group>";
		};
		47EFEFD82849A5A3001CE87C /* UI-576 */ = {
			isa = PBXGroup;
			children = (
				47EFF0042849A5BA001CE87C /* Model */,
				47EFF0032849A5B7001CE87C /* View */,
				47EFEFD92849A5A3001CE87C /* UI_576App.swift */,
				47EFEFDB2849A5A3001CE87C /* ContentView.swift */,
				47EFEFDD2849A5A4001CE87C /* Assets.xcassets */,
				47EFEFDF2849A5A4001CE87C /* Preview Content */,
			);
			path = "UI-576";
			sourceTree = "<group>";
		};
		47EFEFDF2849A5A4001CE87C /* Preview Content */ = {
			isa = PBXGroup;
			children = (
				47EFEFE02849A5A4001CE87C /* Preview Assets.xcassets */,
			);
			path = "Preview Content";
			sourceTree = "<group>";
		};
		47EFEFE92849A5A4001CE87C /* UI-576Tests */ = {
			isa = PBXGroup;
			children = (
				47EFEFEA2849A5A4001CE87C /* UI_576Tests.swift */,
			);
			path = "UI-576Tests";
			sourceTree = "<group>";
		};
		47EFEFF32849A5A4001CE87C /* UI-576UITests */ = {
			isa = PBXGroup;
			children = (
				47EFEFF42849A5A4001CE87C /* UI_576UITests.swift */,
				47EFEFF62849A5A4001CE87C /* UI_576UITestsLaunchTests.swift */,
			);
			path = "UI-576UITests";
			sourceTree = "<group>";
		};
		47EFF0032849A5B7001CE87C /* View */ = {
			isa = PBXGroup;
			children = (
				47EFF0072849A5DB001CE87C /* Home.swift */,
			);
			path = View;
			sourceTree = "<group>";
		};
		47EFF0042849A5BA001CE87C /* Model */ = {
			isa = PBXGroup;
			children = (
				47EFF0052849A5C2001CE87C /* People.swift */,
			);
			path = Model;
			sourceTree = "<group>";
		};
/* End PBXGroup section */

/* Begin PBXNativeTarget section */
		47EFEFD52849A5A3001CE87C /* UI-576 */ = {
			isa = PBXNativeTarget;
			buildConfigurationList = 47EFEFFA2849A5A4001CE87C /* Build configuration list for PBXNativeTarget "UI-576" */;
			buildPhases = (
				47EFEFD22849A5A3001CE87C /* Sources */,
				47EFEFD32849A5A3001CE87C /* Frameworks */,
				47EFEFD42849A5A3001CE87C /* Resources */,
			);
			buildRules = (
			);
			dependencies = (
			);
			name = "UI-576";
			productName = "UI-576";
			productReference = 47EFEFD62849A5A3001CE87C /* UI-576.app */;
			productType = "com.apple.product-type.application";
		};
		47EFEFE52849A5A4001CE87C /* UI-576Tests */ = {
			isa = PBXNativeTarget;
			buildConfigurationList = 47EFEFFD2849A5A4001CE87C /* Build configuration list for PBXNativeTarget "UI-576Tests" */;
			buildPhases = (
				47EFEFE22849A5A4001CE87C /* Sources */,
				47EFEFE32849A5A4001CE87C /* Frameworks */,
				47EFEFE42849A5A4001CE87C /* Resources */,
			);
			buildRules = (
			);
			dependencies = (
				47EFEFE82849A5A4001CE87C /* PBXTargetDependency */,
			);
			name = "UI-576Tests";
			productName = "UI-576Tests";
			productReference = 47EFEFE62849A5A4001CE87C /* UI-576Tests.xctest */;
			productType = "com.apple.product-type.bundle.unit-test";
		};
		47EFEFEF2849A5A4001CE87C /* UI-576UITests */ = {
			isa = PBXNativeTarget;
			buildConfigurationList = 47EFF0002849A5A4001CE87C /* Build configuration list for PBXNativeTarget "UI-576UITests" */;
			buildPhases = (
				47EFEFEC2849A5A4001CE87C /* Sources */,
				47EFEFED2849A5A4001CE87C /* Frameworks */,
				47EFEFEE2849A5A4001CE87C /* Resources */,
			);
			buildRules = (
			);
			dependencies = (
				47EFEFF22849A5A4001CE87C /* PBXTargetDependency */,
			);
			name = "UI-576UITests";
			productName = "UI-576UITests";
			productReference = 47EFEFF02849A5A4001CE87C /* UI-576UITests.xctest */;
			productType = "com.apple.product-type.bundle.ui-testing";
		};
/* End PBXNativeTarget section */

/* Begin PBXProject section */
		47EFEFCE2849A5A3001CE87C /* Project object */ = {
			isa = PBXProject;
			attributes = {
				BuildIndependentTargetsInParallel = 1;
				LastSwiftUpdateCheck = 1330;
				LastUpgradeCheck = 1330;
				TargetAttributes = {
					47EFEFD52849A5A3001CE87C = {
						CreatedOnToolsVersion = 13.3;
					};
					47EFEFE52849A5A4001CE87C = {
						CreatedOnToolsVersion = 13.3;
						TestTargetID = 47EFEFD52849A5A3001CE87C;
					};
					47EFEFEF2849A5A4001CE87C = {
						CreatedOnToolsVersion = 13.3;
						TestTargetID = 47EFEFD52849A5A3001CE87C;
					};
				};
			};
			buildConfigurationList = 47EFEFD12849A5A3001CE87C /* Build configuration list for PBXProject "UI-576" */;
			compatibilityVersion = "Xcode 13.0";
			developmentRegion = en;
			hasScannedForEncodings = 0;
			knownRegions = (
				en,
				Base,
			);
			mainGroup = 47EFEFCD2849A5A3001CE87C;
			productRefGroup = 47EFEFD72849A5A3001CE87C /* Products */;
			projectDirPath = "";
			projectRoot = "";
			targets = (
				47EFEFD52849A5A3001CE87C /* UI-576 */,
				47EFEFE52849A5A4001CE87C /* UI-576Tests */,
				47EFEFEF2849A5A4001CE87C /* UI-576UITests */,
			);
		};
/* End PBXProject section */

/* Begin PBXResourcesBuildPhase section */
		47EFEFD42849A5A3001CE87C /* Resources */ = {
			isa = PBXResourcesBuildPhase;
			buildActionMask = 2147483647;
			files = (
				47EFEFE12849A5A4001CE87C /* Preview Assets.xcassets in Resources */,
				47EFEFDE2849A5A4001CE87C /* Assets.xcassets in Resources */,
			);
			runOnlyForDeploymentPostprocessing = 0;
		};
		47EFEFE42849A5A4001CE87C /* Resources */ = {
			isa = PBXResourcesBuildPhase;
			buildActionMask = 2147483647;
			files = (
			);
			runOnlyForDeploymentPostprocessing = 0;
		};
		47EFEFEE2849A5A4001CE87C /* Resources */ = {
			isa = PBXResourcesBuildPhase;
			buildActionMask = 2147483647;
			files = (
			);
			runOnlyForDeploymentPostprocessing = 0;
		};
/* End PBXResourcesBuildPhase section */

/* Begin PBXSourcesBuildPhase section */
		47EFEFD22849A5A3001CE87C /* Sources */ = {
			isa = PBXSourcesBuildPhase;
			buildActionMask = 2147483647;
			files = (
				47EFEFDC2849A5A3001CE87C /* ContentView.swift in Sources */,
				47EFF0062849A5C2001CE87C /* People.swift in Sources */,
				47EFF0082849A5DB001CE87C /* Home.swift in Sources */,
				47EFEFDA2849A5A3001CE87C /* UI_576App.swift in Sources */,
			);
			runOnlyForDeploymentPostprocessing = 0;
		};
		47EFEFE22849A5A4001CE87C /* Sources */ = {
			isa = PBXSourcesBuildPhase;
			buildActionMask = 2147483647;
			files = (
				47EFEFEB2849A5A4001CE87C /* UI_576Tests.swift in Sources */,
			);
			runOnlyForDeploymentPostprocessing = 0;
		};
		47EFEFEC2849A5A4001CE87C /* Sources */ = {
			isa = PBXSourcesBuildPhase;
			buildActionMask = 2147483647;
			files = (
				47EFEFF52849A5A4001CE87C /* UI_576UITests.swift in Sources */,
				47EFEFF72849A5A4001CE87C /* UI_576UITestsLaunchTests.swift in Sources */,
			);
			runOnlyForDeploymentPostprocessing = 0;
		};
/* End PBXSourcesBuildPhase section */

/* Begin PBXTargetDependency section */
		47EFEFE82849A5A4001CE87C /* PBXTargetDependency */ = {
			isa = PBXTargetDependency;
			target = 47EFEFD52849A5A3001CE87C /* UI-576 */;
			targetProxy = 47EFEFE72849A5A4001CE87C /* PBXContainerItemProxy */;
		};
		47EFEFF22849A5A4001CE87C /* PBXTargetDependency */ = {
			isa = PBXTargetDependency;
			target = 47EFEFD52849A5A3001CE87C /* UI-576 */;
			targetProxy = 47EFEFF12849A5A4001CE87C /* PBXContainerItemProxy */;
		};
/* End PBXTargetDependency section */

/* Begin XCBuildConfiguration section */
		47EFEFF82849A5A4001CE87C /* Debug */ = {
			isa = XCBuildConfiguration;
			buildSettings = {
				ALWAYS_SEARCH_USER_PATHS = NO;
				CLANG_ANALYZER_NONNULL = YES;
				CLANG_ANALYZER_NUMBER_OBJECT_CONVERSION = YES_AGGRESSIVE;
				CLANG_CXX_LANGUAGE_STANDARD = "gnu++17";
				CLANG_ENABLE_MODULES = YES;
				CLANG_ENABLE_OBJC_ARC = YES;
				CLANG_ENABLE_OBJC_WEAK = YES;
				CLANG_WARN_BLOCK_CAPTURE_AUTORELEASING = YES;
				CLANG_WARN_BOOL_CONVERSION = YES;
				CLANG_WARN_COMMA = YES;
				CLANG_WARN_CONSTANT_CONVERSION = YES;
				CLANG_WARN_DEPRECATED_OBJC_IMPLEMENTATIONS = YES;
				CLANG_WARN_DIRECT_OBJC_ISA_USAGE = YES_ERROR;
				CLANG_WARN_DOCUMENTATION_COMMENTS = YES;
				CLANG_WARN_EMPTY_BODY = YES;
				CLANG_WARN_ENUM_CONVERSION = YES;
				CLANG_WARN_INFINITE_RECURSION = YES;
				CLANG_WARN_INT_CONVERSION = YES;
				CLANG_WARN_NON_LITERAL_NULL_CONVERSION = YES;
				CLANG_WARN_OBJC_IMPLICIT_RETAIN_SELF = YES;
				CLANG_WARN_OBJC_LITERAL_CONVERSION = YES;
				CLANG_WARN_OBJC_ROOT_CLASS = YES_ERROR;
				CLANG_WARN_QUOTED_INCLUDE_IN_FRAMEWORK_HEADER = YES;
				CLANG_WARN_RANGE_LOOP_ANALYSIS = YES;
				CLANG_WARN_STRICT_PROTOTYPES = YES;
				CLANG_WARN_SUSPICIOUS_MOVE = YES;
				CLANG_WARN_UNGUARDED_AVAILABILITY = YES_AGGRESSIVE;
				CLANG_WARN_UNREACHABLE_CODE = YES;
				CLANG_WARN__DUPLICATE_METHOD_MATCH = YES;
				COPY_PHASE_STRIP = NO;
				DEBUG_INFORMATION_FORMAT = dwarf;
				ENABLE_STRICT_OBJC_MSGSEND = YES;
				ENABLE_TESTABILITY = YES;
				GCC_C_LANGUAGE_STANDARD = gnu11;
				GCC_DYNAMIC_NO_PIC = NO;
				GCC_NO_COMMON_BLOCKS = YES;
				GCC_OPTIMIZATION_LEVEL = 0;
				GCC_PREPROCESSOR_DEFINITIONS = (
					"DEBUG=1",
					"$(inherited)",
				);
				GCC_WARN_64_TO_32_BIT_CONVERSION = YES;
				GCC_WARN_ABOUT_RETURN_TYPE = YES_ERROR;
				GCC_WARN_UNDECLARED_SELECTOR = YES;
				GCC_WARN_UNINITIALIZED_AUTOS = YES_AGGRESSIVE;
				GCC_WARN_UNUSED_FUNCTION = YES;
				GCC_WARN_UNUSED_VARIABLE = YES;
				IPHONEOS_DEPLOYMENT_TARGET = 15.4;
				MTL_ENABLE_DEBUG_INFO = INCLUDE_SOURCE;
				MTL_FAST_MATH = YES;
				ONLY_ACTIVE_ARCH = YES;
				SDKROOT = iphoneos;
				SWIFT_ACTIVE_COMPILATION_CONDITIONS = DEBUG;
				SWIFT_OPTIMIZATION_LEVEL = "-Onone";
			};
			name = Debug;
		};
		47EFEFF92849A5A4001CE87C /* Release */ = {
			isa = XCBuildConfiguration;
			buildSettings = {
				ALWAYS_SEARCH_USER_PATHS = NO;
				CLANG_ANALYZER_NONNULL = YES;
				CLANG_ANALYZER_NUMBER_OBJECT_CONVERSION = YES_AGGRESSIVE;
				CLANG_CXX_LANGUAGE_STANDARD = "gnu++17";
				CLANG_ENABLE_MODULES = YES;
				CLANG_ENABLE_OBJC_ARC = YES;
				CLANG_ENABLE_OBJC_WEAK = YES;
				CLANG_WARN_BLOCK_CAPTURE_AUTORELEASING = YES;
				CLANG_WARN_BOOL_CONVERSION = YES;
				CLANG_WARN_COMMA = YES;
				CLANG_WARN_CONSTANT_CONVERSION = YES;
				CLANG_WARN_DEPRECATED_OBJC_IMPLEMENTATIONS = YES;
				CLANG_WARN_DIRECT_OBJC_ISA_USAGE = YES_ERROR;
				CLANG_WARN_DOCUMENTATION_COMMENTS = YES;
				CLANG_WARN_EMPTY_BODY = YES;
				CLANG_WARN_ENUM_CONVERSION = YES;
				CLANG_WARN_INFINITE_RECURSION = YES;
				CLANG_WARN_INT_CONVERSION = YES;
				CLANG_WARN_NON_LITERAL_NULL_CONVERSION = YES;
				CLANG_WARN_OBJC_IMPLICIT_RETAIN_SELF = YES;
				CLANG_WARN_OBJC_LITERAL_CONVERSION = YES;
				CLANG_WARN_OBJC_ROOT_CLASS = YES_ERROR;
				CLANG_WARN_QUOTED_INCLUDE_IN_FRAMEWORK_HEADER = YES;
				CLANG_WARN_RANGE_LOOP_ANALYSIS = YES;
				CLANG_WARN_STRICT_PROTOTYPES = YES;
				CLANG_WARN_SUSPICIOUS_MOVE = YES;
				CLANG_WARN_UNGUARDED_AVAILABILITY = YES_AGGRESSIVE;
				CLANG_WARN_UNREACHABLE_CODE = YES;
				CLANG_WARN__DUPLICATE_METHOD_MATCH = YES;
				COPY_PHASE_STRIP = NO;
				DEBUG_INFORMATION_FORMAT = "dwarf-with-dsym";
				ENABLE_NS_ASSERTIONS = NO;
				ENABLE_STRICT_OBJC_MSGSEND = YES;
				GCC_C_LANGUAGE_STANDARD = gnu11;
				GCC_NO_COMMON_BLOCKS = YES;
				GCC_WARN_64_TO_32_BIT_CONVERSION = YES;
				GCC_WARN_ABOUT_RETURN_TYPE = YES_ERROR;
				GCC_WARN_UNDECLARED_SELECTOR = YES;
				GCC_WARN_UNINITIALIZED_AUTOS = YES_AGGRESSIVE;
				GCC_WARN_UNUSED_FUNCTION = YES;
				GCC_WARN_UNUSED_VARIABLE = YES;
				IPHONEOS_DEPLOYMENT_TARGET = 15.4;
				MTL_ENABLE_DEBUG_INFO = NO;
				MTL_FAST_MATH = YES;
				SDKROOT = iphoneos;
				SWIFT_COMPILATION_MODE = wholemodule;
				SWIFT_OPTIMIZATION_LEVEL = "-O";
				VALIDATE_PRODUCT = YES;
			};
			name = Release;
		};
		47EFEFFB2849A5A4001CE87C /* Debug */ = {
			isa = XCBuildConfiguration;
			buildSettings = {
				ASSETCATALOG_COMPILER_APPICON_NAME = AppIcon;
				ASSETCATALOG_COMPILER_GLOBAL_ACCENT_COLOR_NAME = AccentColor;
				CODE_SIGN_STYLE = Automatic;
				CURRENT_PROJECT_VERSION = 1;
				DEVELOPMENT_ASSET_PATHS = "\"UI-576/Preview Content\"";
				DEVELOPMENT_TEAM = 8CL4U468K5;
				ENABLE_PREVIEWS = YES;
				GENERATE_INFOPLIST_FILE = YES;
				INFOPLIST_KEY_UIApplicationSceneManifest_Generation = YES;
				INFOPLIST_KEY_UIApplicationSupportsIndirectInputEvents = YES;
				INFOPLIST_KEY_UILaunchScreen_Generation = YES;
				INFOPLIST_KEY_UISupportedInterfaceOrientations_iPad = "UIInterfaceOrientationPortrait UIInterfaceOrientationPortraitUpsideDown UIInterfaceOrientationLandscapeLeft UIInterfaceOrientationLandscapeRight";
				INFOPLIST_KEY_UISupportedInterfaceOrientations_iPhone = "UIInterfaceOrientationPortrait UIInterfaceOrientationLandscapeLeft UIInterfaceOrientationLandscapeRight";
				LD_RUNPATH_SEARCH_PATHS = (
					"$(inherited)",
					"@executable_path/Frameworks",
				);
				MARKETING_VERSION = 1.0;
				PRODUCT_BUNDLE_IDENTIFIER = "com.585.UI-576";
				PRODUCT_NAME = "$(TARGET_NAME)";
				SWIFT_EMIT_LOC_STRINGS = YES;
				SWIFT_VERSION = 5.0;
				TARGETED_DEVICE_FAMILY = "1,2";
			};
			name = Debug;
		};
		47EFEFFC2849A5A4001CE87C /* Release */ = {
			isa = XCBuildConfiguration;
			buildSettings = {
				ASSETCATALOG_COMPILER_APPICON_NAME = AppIcon;
				ASSETCATALOG_COMPILER_GLOBAL_ACCENT_COLOR_NAME = AccentColor;
				CODE_SIGN_STYLE = Automatic;
				CURRENT_PROJECT_VERSION = 1;
				DEVELOPMENT_ASSET_PATHS = "\"UI-576/Preview Content\"";
				DEVELOPMENT_TEAM = 8CL4U468K5;
				ENABLE_PREVIEWS = YES;
				GENERATE_INFOPLIST_FILE = YES;
				INFOPLIST_KEY_UIApplicationSceneManifest_Generation = YES;
				INFOPLIST_KEY_UIApplicationSupportsIndirectInputEvents = YES;
				INFOPLIST_KEY_UILaunchScreen_Generation = YES;
				INFOPLIST_KEY_UISupportedInterfaceOrientations_iPad = "UIInterfaceOrientationPortrait UIInterfaceOrientationPortraitUpsideDown UIInterfaceOrientationLandscapeLeft UIInterfaceOrientationLandscapeRight";
				INFOPLIST_KEY_UISupportedInterfaceOrientations_iPhone = "UIInterfaceOrientationPortrait UIInterfaceOrientationLandscapeLeft UIInterfaceOrientationLandscapeRight";
				LD_RUNPATH_SEARCH_PATHS = (
					"$(inherited)",
					"@executable_path/Frameworks",
				);
				MARKETING_VERSION = 1.0;
				PRODUCT_BUNDLE_IDENTIFIER = "com.585.UI-576";
				PRODUCT_NAME = "$(TARGET_NAME)";
				SWIFT_EMIT_LOC_STRINGS = YES;
				SWIFT_VERSION = 5.0;
				TARGETED_DEVICE_FAMILY = "1,2";
			};
			name = Release;
		};
		47EFEFFE2849A5A4001CE87C /* Debug */ = {
			isa = XCBuildConfiguration;
			buildSettings = {
				ALWAYS_EMBED_SWIFT_STANDARD_LIBRARIES = YES;
				BUNDLE_LOADER = "$(TEST_HOST)";
				CODE_SIGN_STYLE = Automatic;
				CURRENT_PROJECT_VERSION = 1;
				DEVELOPMENT_TEAM = 8CL4U468K5;
				GENERATE_INFOPLIST_FILE = YES;
				IPHONEOS_DEPLOYMENT_TARGET = 15.4;
				MARKETING_VERSION = 1.0;
				PRODUCT_BUNDLE_IDENTIFIER = "com.585.UI-576Tests";
				PRODUCT_NAME = "$(TARGET_NAME)";
				SWIFT_EMIT_LOC_STRINGS = NO;
				SWIFT_VERSION = 5.0;
				TARGETED_DEVICE_FAMILY = "1,2";
				TEST_HOST = "$(BUILT_PRODUCTS_DIR)/UI-576.app/UI-576";
			};
			name = Debug;
		};
		47EFEFFF2849A5A4001CE87C /* Release */ = {
			isa = XCBuildConfiguration;
			buildSettings = {
				ALWAYS_EMBED_SWIFT_STANDARD_LIBRARIES = YES;
				BUNDLE_LOADER = "$(TEST_HOST)";
				CODE_SIGN_STYLE = Automatic;
				CURRENT_PROJECT_VERSION = 1;
				DEVELOPMENT_TEAM = 8CL4U468K5;
				GENERATE_INFOPLIST_FILE = YES;
				IPHONEOS_DEPLOYMENT_TARGET = 15.4;
				MARKETING_VERSION = 1.0;
				PRODUCT_BUNDLE_IDENTIFIER = "com.585.UI-576Tests";
				PRODUCT_NAME = "$(TARGET_NAME)";
				SWIFT_EMIT_LOC_STRINGS = NO;
				SWIFT_VERSION = 5.0;
				TARGETED_DEVICE_FAMILY = "1,2";
				TEST_HOST = "$(BUILT_PRODUCTS_DIR)/UI-576.app/UI-576";
			};
			name = Release;
		};
		47EFF0012849A5A4001CE87C /* Debug */ = {
			isa = XCBuildConfiguration;
			buildSettings = {
				ALWAYS_EMBED_SWIFT_STANDARD_LIBRARIES = YES;
				CODE_SIGN_STYLE = Automatic;
				CURRENT_PROJECT_VERSION = 1;
				DEVELOPMENT_TEAM = 8CL4U468K5;
				GENERATE_INFOPLIST_FILE = YES;
				MARKETING_VERSION = 1.0;
				PRODUCT_BUNDLE_IDENTIFIER = "com.585.UI-576UITests";
				PRODUCT_NAME = "$(TARGET_NAME)";
				SWIFT_EMIT_LOC_STRINGS = NO;
				SWIFT_VERSION = 5.0;
				TARGETED_DEVICE_FAMILY = "1,2";
				TEST_TARGET_NAME = "UI-576";
			};
			name = Debug;
		};
		47EFF0022849A5A4001CE87C /* Release */ = {
			isa = XCBuildConfiguration;
			buildSettings = {
				ALWAYS_EMBED_SWIFT_STANDARD_LIBRARIES = YES;
				CODE_SIGN_STYLE = Automatic;
				CURRENT_PROJECT_VERSION = 1;
				DEVELOPMENT_TEAM = 8CL4U468K5;
				GENERATE_INFOPLIST_FILE = YES;
				MARKETING_VERSION = 1.0;
				PRODUCT_BUNDLE_IDENTIFIER = "com.585.UI-576UITests";
				PRODUCT_NAME = "$(TARGET_NAME)";
				SWIFT_EMIT_LOC_STRINGS = NO;
				SWIFT_VERSION = 5.0;
				TARGETED_DEVICE_FAMILY = "1,2";
				TEST_TARGET_NAME = "UI-576";
			};
			name = Release;
		};
/* End XCBuildConfiguration section */

/* Begin XCConfigurationList section */
		47EFEFD12849A5A3001CE87C /* Build configuration list for PBXProject "UI-576" */ = {
			isa = XCConfigurationList;
			buildConfigurations = (
				47EFEFF82849A5A4001CE87C /* Debug */,
				47EFEFF92849A5A4001CE87C /* Release */,
			);
			defaultConfigurationIsVisible = 0;
			defaultConfigurationName = Release;
		};
		47EFEFFA2849A5A4001CE87C /* Build configuration list for PBXNativeTarget "UI-576" */ = {
			isa = XCConfigurationList;
			buildConfigurations = (
				47EFEFFB2849A5A4001CE87C /* Debug */,
				47EFEFFC2849A5A4001CE87C /* Release */,
			);
			defaultConfigurationIsVisible = 0;
			defaultConfigurationName = Release;
		};
		47EFEFFD2849A5A4001CE87C /* Build configuration list for PBXNativeTarget "UI-576Tests" */ = {
			isa = XCConfigurationList;
			buildConfigurations = (
				47EFEFFE2849A5A4001CE87C /* Debug */,
				47EFEFFF2849A5A4001CE87C /* Release */,
			);
			defaultConfigurationIsVisible = 0;
			defaultConfigurationName = Release;
		};
		47EFF0002849A5A4001CE87C /* Build configuration list for PBXNativeTarget "UI-576UITests" */ = {
			isa = XCConfigurationList;
			buildConfigurations = (
				47EFF0012849A5A4001CE87C /* Debug */,
				47EFF0022849A5A4001CE87C /* Release */,
			);
			defaultConfigurationIsVisible = 0;
			defaultConfigurationName = Release;
		};
/* End XCConfigurationList section */
	};
	rootObject = 47EFEFCE2849A5A3001CE87C /* Project object */;
}
